
Microsoft Visual Studio Solution File, Format Version 12.00
# Visual Studio 15
Project("{FAE04EC0-301F-11D3-BF4B-00C04F79EFBC}") = "Unity.XR.Interaction.Toolkit.Samples.StarterAssets", "Unity.XR.Interaction.Toolkit.Samples.StarterAssets.csproj", "{3EB0955A-9182-26CC-C30B-81F6C4B11138}"
EndProject
Project("{FAE04EC0-301F-11D3-BF4B-00C04F79EFBC}") = "Assembly-CSharp", "Assembly-CSharp.csproj", "{304966E6-B070-70EB-BDA9-F6F65B614013}"
EndProject
Project("{FAE04EC0-301F-11D3-BF4B-00C04F79EFBC}") = "Unity.XR.Interaction.Toolkit.Samples.ARStarterAssets", "Unity.XR.Interaction.Toolkit.Samples.ARStarterAssets.csproj", "{6A716D49-B41C-5F67-7CA2-653B61235C69}"
EndProject
Project("{FAE04EC0-301F-11D3-BF4B-00C04F79EFBC}") = "Unity.XR.Interaction.Toolkit.Samples.ARStarterAssets.Editor", "Unity.XR.Interaction.Toolkit.Samples.ARStarterAssets.Editor.csproj", "{F4503E67-3E3A-EC62-88A6-AEA5E15783F4}"
EndProject
Project("{FAE04EC0-301F-11D3-BF4B-00C04F79EFBC}") = "Unity.XR.Interaction.Toolkit.Samples.StarterAssets.Editor", "Unity.XR.Interaction.Toolkit.Samples.StarterAssets.Editor.csproj", "{8F12B936-FAE9-ADDD-AC77-85006026BE29}"
EndProject
Global
	GlobalSection(SolutionConfigurationPlatforms) = preSolution
		Debug|Any CPU = Debug|Any CPU
		Release|Any CPU = Release|Any CPU
	EndGlobalSection
	GlobalSection(ProjectConfigurationPlatforms) = postSolution
		{3EB0955A-9182-26CC-C30B-81F6C4B11138}.Debug|Any CPU.ActiveCfg = Debug|Any CPU
		{3EB0955A-9182-26CC-C30B-81F6C4B11138}.Debug|Any CPU.Build.0 = Debug|Any CPU
		{3EB0955A-9182-26CC-C30B-81F6C4B11138}.Release|Any CPU.ActiveCfg = Release|Any CPU
		{3EB0955A-9182-26CC-C30B-81F6C4B11138}.Release|Any CPU.Build.0 = Release|Any CPU
		{304966E6-B070-70EB-BDA9-F6F65B614013}.Debug|Any CPU.ActiveCfg = Debug|Any CPU
		{304966E6-B070-70EB-BDA9-F6F65B614013}.Debug|Any CPU.Build.0 = Debug|Any CPU
		{304966E6-B070-70EB-BDA9-F6F65B614013}.Release|Any CPU.ActiveCfg = Release|Any CPU
		{304966E6-B070-70EB-BDA9-F6F65B614013}.Release|Any CPU.Build.0 = Release|Any CPU
		{6A716D49-B41C-5F67-7CA2-653B61235C69}.Debug|Any CPU.ActiveCfg = Debug|Any CPU
		{6A716D49-B41C-5F67-7CA2-653B61235C69}.Debug|Any CPU.Build.0 = Debug|Any CPU
		{6A716D49-B41C-5F67-7CA2-653B61235C69}.Release|Any CPU.ActiveCfg = Release|Any CPU
		{6A716D49-B41C-5F67-7CA2-653B61235C69}.Release|Any CPU.Build.0 = Release|Any CPU
		{F4503E67-3E3A-EC62-88A6-AEA5E15783F4}.Debug|Any CPU.ActiveCfg = Debug|Any CPU
		{F4503E67-3E3A-EC62-88A6-AEA5E15783F4}.Debug|Any CPU.Build.0 = Debug|Any CPU
		{F4503E67-3E3A-EC62-88A6-AEA5E15783F4}.Release|Any CPU.ActiveCfg = Release|Any CPU
		{F4503E67-3E3A-EC62-88A6-AEA5E15783F4}.Release|Any CPU.Build.0 = Release|Any CPU
		{8F12B936-FAE9-ADDD-AC77-85006026BE29}.Debug|Any CPU.ActiveCfg = Debug|Any CPU
		{8F12B936-FAE9-ADDD-AC77-85006026BE29}.Debug|Any CPU.Build.0 = Debug|Any CPU
		{8F12B936-FAE9-ADDD-AC77-85006026BE29}.Release|Any CPU.ActiveCfg = Release|Any CPU
		{8F12B936-FAE9-ADDD-AC77-85006026BE29}.Release|Any CPU.Build.0 = Release|Any CPU
	EndGlobalSection
	GlobalSection(SolutionProperties) = preSolution
		HideSolutionNode = FALSE
	EndGlobalSection
EndGlobal
